github.com/dixonwille/skywalker v0.0.0-20210831172208-e262af346a55 h1:iu+U43ErQ4eLSIC86lO9WvyVQxcCkIe7iFeSML91AIA=
github.com/dixonwille/skywalker v0.0.0-20210831172208-e262af346a55/go.mod h1:3ggBCJVgaYneucbxhJfC7NCj9pBU0hGgcF2PNFbT4lA=
github.com/gobwas/glob v0.2.3 h1:A4xDbljILXROh+kObIiy5kIaPYD8e96x1tgBhUI5J+Y=
github.com/gobwas/glob v0.2.3/go.mod h1:d3Ez4x06l9bZtSvzIay5+Yzi0fmZzPgnTbPcKjJAkT8=
