github.com/google/btree v1.0.0/go.mod h1:lNA+9X1NB3Zf8V7Ke586lFgjr2dZNuvo3lPJSGZ5JPQ=
github.com/google/btree v1.1.2 h1:xf4v41cLI2Z6FxbKm+8Bu+m8ifhj15JuZ9sa0jZCMUU=
github.com/google/btree v1.1.2/go.mod h1:qOPhT0dTNdNzV6Z/lhRX0YXUafgPLFUh+gZMl761Gm4=
github.com/misseven0/httpcache/diskcache v0.0.0-20230511112704-bd6b7a0bfc6f h1:D7PGAfF1rGTnDIFZxfQtb+ReAnmMURy+o9ORm8pc3mY=
github.com/misseven0/httpcache/diskcache v0.0.0-20230511112704-bd6b7a0bfc6f/go.mod h1:R7CX3AUCs5dHRA4Wj58gxo/FAZPOwGhIMyajexxgQcc=
github.com/misseven0/httpcache/httpcache v0.0.0-20230511112704-bd6b7a0bfc6f h1:puEsNI7lZcr4D1/rF0rp5mzpRenZDcV+mpSC2RStQ4k=
github.com/misseven0/httpcache/httpcache v0.0.0-20230511112704-bd6b7a0bfc6f/go.mod h1:CX6OKfOdiO0EYDR3cg8NbtCcJchHmThfxeaLkmDuOeg=
github.com/misseven0/httpcache/test v0.0.0-20230511112704-bd6b7a0bfc6f h1:mcHJtUPDK51nCZurUpWheDpUmZMFTObxaenb4LJ82kg=
github.com/misseven0/httpcache/test v0.0.0-20230511112704-bd6b7a0bfc6f/go.mod h1:BCbLKL2BQln1H9t4Qvqu0jjA27KFSUuTGZRvNMZFfWU=
github.com/peterbourgon/diskv/v3 v3.0.1 h1:x06SQA46+PKIUftmEujdwSEpIx8kR+M9eLYsUxeYveU=
github.com/peterbourgon/diskv/v3 v3.0.1/go.mod h1:kJ5Ny7vLdARGU3WUuy6uzO6T0nb/2gWcT1JiBvRmb5o=
