github.com/saracen/walker v0.1.3 h1:YtcKKmpRPy6XJTHJ75J2QYXXZYWnZNQxPCVqZSHVV/g=
github.com/saracen/walker v0.1.3/go.mod h1:FU+7qU8DeQQgSZDmmThMJi93kPkLFgy0oVAcLxurjIk=
golang.org/x/sync v0.2.0 h1:PUR+T4wwASmuSTYdKjYHI5TD22Wy5ogLU5qZCOLxBrI=
golang.org/x/sync v0.2.0/go.mod h1:RxMgew5VJxzue5/jJTE5uejpjVlOe/izrB70Jof72aM=
